// !$*UTF8*$!
{
	archiveVersion = 1;
	classes = {
	};
	objectVersion = 48;
	objects = {

/* Begin PBXBuildFile section */
		502D56FE1F325005000D68B3 /* AppDelegate.swift in Sources */ = {isa = PBXBuildFile; fileRef = 502D56FD1F325005000D68B3 /* AppDelegate.swift */; };
		502D57001F325005000D68B3 /* art.scnassets in Resources */ = {isa = PBXBuildFile; fileRef = 502D56FF1F325005000D68B3 /* art.scnassets */; };
		502D57021F325005000D68B3 /* ViewController.swift in Sources */ = {isa = PBXBuildFile; fileRef = 502D57011F325005000D68B3 /* ViewController.swift */; };
		502D57051F325005000D68B3 /* Main.storyboard in Resources */ = {isa = PBXBuildFile; fileRef = 502D57031F325005000D68B3 /* Main.storyboard */; };
		502D57071F325005000D68B3 /* Assets.xcassets in Resources */ = {isa = PBXBuildFile; fileRef = 502D57061F325005000D68B3 /* Assets.xcassets */; };
		502D570A1F325005000D68B3 /* LaunchScreen.storyboard in Resources */ = {isa = PBXBuildFile; fileRef = 502D57081F325005000D68B3 /* LaunchScreen.storyboard */; };
		502D57151F325005000D68B3 /* BallARKitTests.swift in Sources */ = {isa = PBXBuildFile; fileRef = 502D57141F325005000D68B3 /* BallARKitTests.swift */; };
		502D57201F325005000D68B3 /* BallARKitUITests.swift in Sources */ = {isa = PBXBuildFile; fileRef = 502D571F1F325005000D68B3 /* BallARKitUITests.swift */; };
		502D572E1F3255B2000D68B3 /* ViewController+ARKit.swift in Sources */ = {isa = PBXBuildFile; fileRef = 502D572D1F3255B2000D68B3 /* ViewController+ARKit.swift */; };
		502D57301F32560A000D68B3 /* Plane.swift in Sources */ = {isa = PBXBuildFile; fileRef = 502D572F1F32560A000D68B3 /* Plane.swift */; };
/* End PBXBuildFile section */

/* Begin PBXContainerItemProxy section */
		502D57111F325005000D68B3 /* PBXContainerItemProxy */ = {
			isa = PBXContainerItemProxy;
			containerPortal = 502D56F21F325005000D68B3 /* Project object */;
			proxyType = 1;
			remoteGlobalIDString = 502D56F91F325005000D68B3;
			remoteInfo = BallARKit;
		};
		502D571C1F325005000D68B3 /* PBXContainerItemProxy */ = {
			isa = PBXContainerItemProxy;
			containerPortal = 502D56F21F325005000D68B3 /* Project object */;
			proxyType = 1;
			remoteGlobalIDString = 502D56F91F325005000D68B3;
			remoteInfo = BallARKit;
		};
/* End PBXContainerItemProxy section */

/* Begin PBXFileReference section */
		502D56FA1F325005000D68B3 /* BallARKit.app */ = {isa = PBXFileReference; explicitFileType = wrapper.application; includeInIndex = 0; path = BallARKit.app; sourceTree = BUILT_PRODUCTS_DIR; };
		502D56FD1F325005000D68B3 /* AppDelegate.swift */ = {isa = PBXFileReference; lastKnownFileType = sourcecode.swift; path = AppDelegate.swift; sourceTree = "<group>"; };
		502D56FF1F325005000D68B3 /* art.scnassets */ = {isa = PBXFileReference; lastKnownFileType = wrapper.scnassets; path = art.scnassets; sourceTree = "<group>"; };
		502D57011F325005000D68B3 /* ViewController.swift */ = {isa = PBXFileReference; lastKnownFileType = sourcecode.swift; path = ViewController.swift; sourceTree = "<group>"; };
		502D57041F325005000D68B3 /* Base */ = {isa = PBXFileReference; lastKnownFileType = file.storyboard; name = Base; path = Base.lproj/Main.storyboard; sourceTree = "<group>"; };
		502D57061F325005000D68B3 /* Assets.xcassets */ = {isa = PBXFileReference; lastKnownFileType = folder.assetcatalog; path = Assets.xcassets; sourceTree = "<group>"; };
		502D57091F325005000D68B3 /* Base */ = {isa = PBXFileReference; lastKnownFileType = file.storyboard; name = Base; path = Base.lproj/LaunchScreen.storyboard; sourceTree = "<group>"; };
		502D570B1F325005000D68B3 /* Info.plist */ = {isa = PBXFileReference; lastKnownFileType = text.plist.xml; path = Info.plist; sourceTree = "<group>"; };
		502D57101F325005000D68B3 /* BallARKitTests.xctest */ = {isa = PBXFileReference; explicitFileType = wrapper.cfbundle; includeInIndex = 0; path = BallARKitTests.xctest; sourceTree = BUILT_PRODUCTS_DIR; };
		502D57141F325005000D68B3 /* BallARKitTests.swift */ = {isa = PBXFileReference; lastKnownFileType = sourcecode.swift; path = BallARKitTests.swift; sourceTree = "<group>"; };
		502D57161F325005000D68B3 /* Info.plist */ = {isa = PBXFileReference; lastKnownFileType = text.plist.xml; path = Info.plist; sourceTree = "<group>"; };
		502D571B1F325005000D68B3 /* BallARKitUITests.xctest */ = {isa = PBXFileReference; explicitFileType = wrapper.cfbundle; includeInIndex = 0; path = BallARKitUITests.xctest; sourceTree = BUILT_PRODUCTS_DIR; };
		502D571F1F325005000D68B3 /* BallARKitUITests.swift */ = {isa = PBXFileReference; lastKnownFileType = sourcecode.swift; path = BallARKitUITests.swift; sourceTree = "<group>"; };
		502D57211F325005000D68B3 /* Info.plist */ = {isa = PBXFileReference; lastKnownFileType = text.plist.xml; path = Info.plist; sourceTree = "<group>"; };
		502D572D1F3255B2000D68B3 /* ViewController+ARKit.swift */ = {isa = PBXFileReference; fileEncoding = 4; lastKnownFileType = sourcecode.swift; name = "ViewController+ARKit.swift"; path = "../../CubeARKit/CubeARKit/ViewController+ARKit.swift"; sourceTree = "<group>"; };
		502D572F1F32560A000D68B3 /* Plane.swift */ = {isa = PBXFileReference; fileEncoding = 4; lastKnownFileType = sourcecode.swift; name = Plane.swift; path = ../../CubeARKit/CubeARKit/Plane.swift; sourceTree = "<group>"; };
/* End PBXFileReference section */

/* Begin PBXFrameworksBuildPhase section */
		502D56F71F325005000D68B3 /* Frameworks */ = {
			isa = PBXFrameworksBuildPhase;
			buildActionMask = 2147483647;
			files = (
			);
			runOnlyForDeploymentPostprocessing = 0;
		};
		502D570D1F325005000D68B3 /* Frameworks */ = {
			isa = PBXFrameworksBuildPhase;
			buildActionMask = 2147483647;
			files = (
			);
			runOnlyForDeploymentPostprocessing = 0;
		};
		502D57181F325005000D68B3 /* Frameworks */ = {
			isa = PBXFrameworksBuildPhase;
			buildActionMask = 2147483647;
			files = (
			);
			runOnlyForDeploymentPostprocessing = 0;
		};
/* End PBXFrameworksBuildPhase section */

/* Begin PBXGroup section */
		502D56F11F325005000D68B3 = {
			isa = PBXGroup;
			children = (
				502D56FC1F325005000D68B3 /* BallARKit */,
				502D57131F325005000D68B3 /* BallARKitTests */,
				502D571E1F325005000D68B3 /* BallARKitUITests */,
				502D56FB1F325005000D68B3 /* Products */,
			);
			sourceTree = "<group>";
		};
		502D56FB1F325005000D68B3 /* Products */ = {
			isa = PBXGroup;
			children = (
				502D56FA1F325005000D68B3 /* BallARKit.app */,
				502D57101F325005000D68B3 /* BallARKitTests.xctest */,
				502D571B1F325005000D68B3 /* BallARKitUITests.xctest */,
			);
			name = Products;
			sourceTree = "<group>";
		};
		502D56FC1F325005000D68B3 /* BallARKit */ = {
			isa = PBXGroup;
			children = (
				502D56FD1F325005000D68B3 /* AppDelegate.swift */,
				502D56FF1F325005000D68B3 /* art.scnassets */,
				502D57011F325005000D68B3 /* ViewController.swift */,
				502D572F1F32560A000D68B3 /* Plane.swift */,
				502D57031F325005000D68B3 /* Main.storyboard */,
				502D57061F325005000D68B3 /* Assets.xcassets */,
				502D57081F325005000D68B3 /* LaunchScreen.storyboard */,
				502D572D1F3255B2000D68B3 /* ViewController+ARKit.swift */,
				502D570B1F325005000D68B3 /* Info.plist */,
			);
			path = BallARKit;
			sourceTree = "<group>";
		};
		502D57131F325005000D68B3 /* BallARKitTests */ = {
			isa = PBXGroup;
			children = (
				502D57141F325005000D68B3 /* BallARKitTests.swift */,
				502D57161F325005000D68B3 /* Info.plist */,
			);
			path = BallARKitTests;
			sourceTree = "<group>";
		};
		502D571E1F325005000D68B3 /* BallARKitUITests */ = {
			isa = PBXGroup;
			children = (
				502D571F1F325005000D68B3 /* BallARKitUITests.swift */,
				502D57211F325005000D68B3 /* Info.plist */,
			);
			path = BallARKitUITests;
			sourceTree = "<group>";
		};
/* End PBXGroup section */

/* Begin PBXNativeTarget section */
		502D56F91F325005000D68B3 /* BallARKit */ = {
			isa = PBXNativeTarget;
			buildConfigurationList = 502D57241F325005000D68B3 /* Build configuration list for PBXNativeTarget "BallARKit" */;
			buildPhases = (
				502D56F61F325005000D68B3 /* Sources */,
				502D56F71F325005000D68B3 /* Frameworks */,
				502D56F81F325005000D68B3 /* Resources */,
			);
			buildRules = (
			);
			dependencies = (
			);
			name = BallARKit;
			productName = BallARKit;
			productReference = 502D56FA1F325005000D68B3 /* BallARKit.app */;
			productType = "com.apple.product-type.application";
		};
		502D570F1F325005000D68B3 /* BallARKitTests */ = {
			isa = PBXNativeTarget;
			buildConfigurationList = 502D57271F325005000D68B3 /* Build configuration list for PBXNativeTarget "BallARKitTests" */;
			buildPhases = (
				502D570C1F325005000D68B3 /* Sources */,
				502D570D1F325005000D68B3 /* Frameworks */,
				502D570E1F325005000D68B3 /* Resources */,
			);
			buildRules = (
			);
			dependencies = (
				502D57121F325005000D68B3 /* PBXTargetDependency */,
			);
			name = BallARKitTests;
			productName = BallARKitTests;
			productReference = 502D57101F325005000D68B3 /* BallARKitTests.xctest */;
			productType = "com.apple.product-type.bundle.unit-test";
		};
		502D571A1F325005000D68B3 /* BallARKitUITests */ = {
			isa = PBXNativeTarget;
			buildConfigurationList = 502D572A1F325005000D68B3 /* Build configuration list for PBXNativeTarget "BallARKitUITests" */;
			buildPhases = (
				502D57171F325005000D68B3 /* Sources */,
				502D57181F325005000D68B3 /* Frameworks */,
				502D57191F325005000D68B3 /* Resources */,
			);
			buildRules = (
			);
			dependencies = (
				502D571D1F325005000D68B3 /* PBXTargetDependency */,
			);
			name = BallARKitUITests;
			productName = BallARKitUITests;
			productReference = 502D571B1F325005000D68B3 /* BallARKitUITests.xctest */;
			productType = "com.apple.product-type.bundle.ui-testing";
		};
/* End PBXNativeTarget section */

/* Begin PBXProject section */
		502D56F21F325005000D68B3 /* Project object */ = {
			isa = PBXProject;
			attributes = {
				LastSwiftUpdateCheck = 0900;
				LastUpgradeCheck = 0900;
				ORGANIZATIONNAME = "Zsolt Pete";
				TargetAttributes = {
					502D56F91F325005000D68B3 = {
						CreatedOnToolsVersion = 9.0;
					};
					502D570F1F325005000D68B3 = {
						CreatedOnToolsVersion = 9.0;
						TestTargetID = 502D56F91F325005000D68B3;
					};
					502D571A1F325005000D68B3 = {
						CreatedOnToolsVersion = 9.0;
						TestTargetID = 502D56F91F325005000D68B3;
					};
				};
			};
			buildConfigurationList = 502D56F51F325005000D68B3 /* Build configuration list for PBXProject "BallARKit" */;
			compatibilityVersion = "Xcode 8.0";
			developmentRegion = en;
			hasScannedForEncodings = 0;
			knownRegions = (
				en,
				Base,
			);
			mainGroup = 502D56F11F325005000D68B3;
			productRefGroup = 502D56FB1F325005000D68B3 /* Products */;
			projectDirPath = "";
			projectRoot = "";
			targets = (
				502D56F91F325005000D68B3 /* BallARKit */,
				502D570F1F325005000D68B3 /* BallARKitTests */,
				502D571A1F325005000D68B3 /* BallARKitUITests */,
			);
		};
/* End PBXProject section */

/* Begin PBXResourcesBuildPhase section */
		502D56F81F325005000D68B3 /* Resources */ = {
			isa = PBXResourcesBuildPhase;
			buildActionMask = 2147483647;
			files = (
				502D57001F325005000D68B3 /* art.scnassets in Resources */,
				502D570A1F325005000D68B3 /* LaunchScreen.storyboard in Resources */,
				502D57071F325005000D68B3 /* Assets.xcassets in Resources */,
				502D57051F325005000D68B3 /* Main.storyboard in Resources */,
			);
			runOnlyForDeploymentPostprocessing = 0;
		};
		502D570E1F325005000D68B3 /* Resources */ = {
			isa = PBXResourcesBuildPhase;
			buildActionMask = 2147483647;
			files = (
			);
			runOnlyForDeploymentPostprocessing = 0;
		};
		502D57191F325005000D68B3 /* Resources */ = {
			isa = PBXResourcesBuildPhase;
			buildActionMask = 2147483647;
			files = (
			);
			runOnlyForDeploymentPostprocessing = 0;
		};
/* End PBXResourcesBuildPhase section */

/* Begin PBXSourcesBuildPhase section */
		502D56F61F325005000D68B3 /* Sources */ = {
			isa = PBXSourcesBuildPhase;
			buildActionMask = 2147483647;
			files = (
				502D57021F325005000D68B3 /* ViewController.swift in Sources */,
				502D56FE1F325005000D68B3 /* AppDelegate.swift in Sources */,
				502D57301F32560A000D68B3 /* Plane.swift in Sources */,
				502D572E1F3255B2000D68B3 /* ViewController+ARKit.swift in Sources */,
			);
			runOnlyForDeploymentPostprocessing = 0;
		};
		502D570C1F325005000D68B3 /* Sources */ = {
			isa = PBXSourcesBuildPhase;
			buildActionMask = 2147483647;
			files = (
				502D57151F325005000D68B3 /* BallARKitTests.swift in Sources */,
			);
			runOnlyForDeploymentPostprocessing = 0;
		};
		502D57171F325005000D68B3 /* Sources */ = {
			isa = PBXSourcesBuildPhase;
			buildActionMask = 2147483647;
			files = (
				502D57201F325005000D68B3 /* BallARKitUITests.swift in Sources */,
			);
			runOnlyForDeploymentPostprocessing = 0;
		};
/* End PBXSourcesBuildPhase section */

/* Begin PBXTargetDependency section */
		502D57121F325005000D68B3 /* PBXTargetDependency */ = {
			isa = PBXTargetDependency;
			target = 502D56F91F325005000D68B3 /* BallARKit */;
			targetProxy = 502D57111F325005000D68B3 /* PBXContainerItemProxy */;
		};
		502D571D1F325005000D68B3 /* PBXTargetDependency */ = {
			isa = PBXTargetDependency;
			target = 502D56F91F325005000D68B3 /* BallARKit */;
			targetProxy = 502D571C1F325005000D68B3 /* PBXContainerItemProxy */;
		};
/* End PBXTargetDependency section */

/* Begin PBXVariantGroup section */
		502D57031F325005000D68B3 /* Main.storyboard */ = {
			isa = PBXVariantGroup;
			children = (
				502D57041F325005000D68B3 /* Base */,
			);
			name = Main.storyboard;
			sourceTree = "<group>";
		};
		502D57081F325005000D68B3 /* LaunchScreen.storyboard */ = {
			isa = PBXVariantGroup;
			children = (
				502D57091F325005000D68B3 /* Base */,
			);
			name = LaunchScreen.storyboard;
			sourceTree = "<group>";
		};
/* End PBXVariantGroup section */

/* Begin XCBuildConfiguration section */
		502D57221F325005000D68B3 /* Debug */ = {
			isa = XCBuildConfiguration;
			buildSettings = {
				ALWAYS_SEARCH_USER_PATHS = NO;
				CLANG_ANALYZER_NONNULL = YES;
				CLANG_ANALYZER_NUMBER_OBJECT_CONVERSION = YES_AGGRESSIVE;
				CLANG_CXX_LANGUAGE_STANDARD = "gnu++14";
				CLANG_CXX_LIBRARY = "libc++";
				CLANG_ENABLE_MODULES = YES;
				CLANG_ENABLE_OBJC_ARC = YES;
				CLANG_WARN_BLOCK_CAPTURE_AUTORELEASING = YES;
				CLANG_WARN_BOOL_CONVERSION = YES;
				CLANG_WARN_COMMA = YES;
				CLANG_WARN_CONSTANT_CONVERSION = YES;
				CLANG_WARN_DIRECT_OBJC_ISA_USAGE = YES_ERROR;
				CLANG_WARN_DOCUMENTATION_COMMENTS = YES;
				CLANG_WARN_EMPTY_BODY = YES;
				CLANG_WARN_ENUM_CONVERSION = YES;
				CLANG_WARN_INFINITE_RECURSION = YES;
				CLANG_WARN_INT_CONVERSION = YES;
				CLANG_WARN_OBJC_ROOT_CLASS = YES_ERROR;
				CLANG_WARN_RANGE_LOOP_ANALYSIS = YES;
				CLANG_WARN_STRICT_PROTOTYPES = YES;
				CLANG_WARN_SUSPICIOUS_MOVE = YES;
				CLANG_WARN_UNGUARDED_AVAILABILITY = YES_AGGRESSIVE;
				CLANG_WARN_UNREACHABLE_CODE = YES;
				CLANG_WARN__DUPLICATE_METHOD_MATCH = YES;
				CODE_SIGN_IDENTITY = "iPhone Developer";
				COPY_PHASE_STRIP = NO;
				DEBUG_INFORMATION_FORMAT = dwarf;
				ENABLE_STRICT_OBJC_MSGSEND = YES;
				ENABLE_TESTABILITY = YES;
				GCC_C_LANGUAGE_STANDARD = gnu11;
				GCC_DYNAMIC_NO_PIC = NO;
				GCC_NO_COMMON_BLOCKS = YES;
				GCC_OPTIMIZATION_LEVEL = 0;
				GCC_PREPROCESSOR_DEFINITIONS = (
					"DEBUG=1",
					"$(inherited)",
				);
				GCC_WARN_64_TO_32_BIT_CONVERSION = YES;
				GCC_WARN_ABOUT_RETURN_TYPE = YES_ERROR;
				GCC_WARN_UNDECLARED_SELECTOR = YES;
				GCC_WARN_UNINITIALIZED_AUTOS = YES_AGGRESSIVE;
				GCC_WARN_UNUSED_FUNCTION = YES;
				GCC_WARN_UNUSED_VARIABLE = YES;
				IPHONEOS_DEPLOYMENT_TARGET = 11.0;
				MTL_ENABLE_DEBUG_INFO = YES;
				ONLY_ACTIVE_ARCH = YES;
				SDKROOT = iphoneos;
				SWIFT_ACTIVE_COMPILATION_CONDITIONS = DEBUG;
				SWIFT_OPTIMIZATION_LEVEL = "-Onone";
			};
			name = Debug;
		};
		502D57231F325005000D68B3 /* Release */ = {
			isa = XCBuildConfiguration;
			buildSettings = {
				ALWAYS_SEARCH_USER_PATHS = NO;
				CLANG_ANALYZER_NONNULL = YES;
				CLANG_ANALYZER_NUMBER_OBJECT_CONVERSION = YES_AGGRESSIVE;
				CLANG_CXX_LANGUAGE_STANDARD = "gnu++14";
				CLANG_CXX_LIBRARY = "libc++";
				CLANG_ENABLE_MODULES = YES;
				CLANG_ENABLE_OBJC_ARC = YES;
				CLANG_WARN_BLOCK_CAPTURE_AUTORELEASING = YES;
				CLANG_WARN_BOOL_CONVERSION = YES;
				CLANG_WARN_COMMA = YES;
				CLANG_WARN_CONSTANT_CONVERSION = YES;
				CLANG_WARN_DIRECT_OBJC_ISA_USAGE = YES_ERROR;
				CLANG_WARN_DOCUMENTATION_COMMENTS = YES;
				CLANG_WARN_EMPTY_BODY = YES;
				CLANG_WARN_ENUM_CONVERSION = YES;
				CLANG_WARN_INFINITE_RECURSION = YES;
				CLANG_WARN_INT_CONVERSION = YES;
				CLANG_WARN_OBJC_ROOT_CLASS = YES_ERROR;
				CLANG_WARN_RANGE_LOOP_ANALYSIS = YES;
				CLANG_WARN_STRICT_PROTOTYPES = YES;
				CLANG_WARN_SUSPICIOUS_MOVE = YES;
				CLANG_WARN_UNGUARDED_AVAILABILITY = YES_AGGRESSIVE;
				CLANG_WARN_UNREACHABLE_CODE = YES;
				CLANG_WARN__DUPLICATE_METHOD_MATCH = YES;
				CODE_SIGN_IDENTITY = "iPhone Developer";
				COPY_PHASE_STRIP = NO;
				DEBUG_INFORMATION_FORMAT = "dwarf-with-dsym";
				ENABLE_NS_ASSERTIONS = NO;
				ENABLE_STRICT_OBJC_MSGSEND = YES;
				GCC_C_LANGUAGE_STANDARD = gnu11;
				GCC_NO_COMMON_BLOCKS = YES;
				GCC_WARN_64_TO_32_BIT_CONVERSION = YES;
				GCC_WARN_ABOUT_RETURN_TYPE = YES_ERROR;
				GCC_WARN_UNDECLARED_SELECTOR = YES;
				GCC_WARN_UNINITIALIZED_AUTOS = YES_AGGRESSIVE;
				GCC_WARN_UNUSED_FUNCTION = YES;
				GCC_WARN_UNUSED_VARIABLE = YES;
				IPHONEOS_DEPLOYMENT_TARGET = 11.0;
				MTL_ENABLE_DEBUG_INFO = NO;
				SDKROOT = iphoneos;
				SWIFT_OPTIMIZATION_LEVEL = "-Owholemodule";
				VALIDATE_PRODUCT = YES;
			};
			name = Release;
		};
		502D57251F325005000D68B3 /* Debug */ = {
			isa = XCBuildConfiguration;
			buildSettings = {
				ASSETCATALOG_COMPILER_APPICON_NAME = AppIcon;
				DEVELOPMENT_TEAM = MSLJP987H9;
				INFOPLIST_FILE = BallARKit/Info.plist;
				LD_RUNPATH_SEARCH_PATHS = "$(inherited) @executable_path/Frameworks";
				PRODUCT_BUNDLE_IDENTIFIER = eu.codeyard.BallARKit;
				PRODUCT_NAME = "$(TARGET_NAME)";
				SWIFT_VERSION = 4.0;
				TARGETED_DEVICE_FAMILY = "1,2";
			};
			name = Debug;
		};
		502D57261F325005000D68B3 /* Release */ = {
			isa = XCBuildConfiguration;
			buildSettings = {
				ASSETCATALOG_COMPILER_APPICON_NAME = AppIcon;
				DEVELOPMENT_TEAM = MSLJP987H9;
				INFOPLIST_FILE = BallARKit/Info.plist;
				LD_RUNPATH_SEARCH_PATHS = "$(inherited) @executable_path/Frameworks";
				PRODUCT_BUNDLE_IDENTIFIER = eu.codeyard.BallARKit;
				PRODUCT_NAME = "$(TARGET_NAME)";
				SWIFT_VERSION = 4.0;
				TARGETED_DEVICE_FAMILY = "1,2";
			};
			name = Release;
		};
		502D57281F325005000D68B3 /* Debug */ = {
			isa = XCBuildConfiguration;
			buildSettings = {
				ALWAYS_EMBED_SWIFT_STANDARD_LIBRARIES = YES;
				BUNDLE_LOADER = "$(TEST_HOST)";
				DEVELOPMENT_TEAM = MSLJP987H9;
				INFOPLIST_FILE = BallARKitTests/Info.plist;
				LD_RUNPATH_SEARCH_PATHS = "$(inherited) @executable_path/Frameworks @loader_path/Frameworks";
				PRODUCT_BUNDLE_IDENTIFIER = eu.codeyard.BallARKitTests;
				PRODUCT_NAME = "$(TARGET_NAME)";
				SWIFT_VERSION = 4.0;
				TARGETED_DEVICE_FAMILY = "1,2";
				TEST_HOST = "$(BUILT_PRODUCTS_DIR)/BallARKit.app/BallARKit";
			};
			name = Debug;
		};
		502D57291F325005000D68B3 /* Release */ = {
			isa = XCBuildConfiguration;
			buildSettings = {
				ALWAYS_EMBED_SWIFT_STANDARD_LIBRARIES = YES;
				BUNDLE_LOADER = "$(TEST_HOST)";
				DEVELOPMENT_TEAM = MSLJP987H9;
				INFOPLIST_FILE = BallARKitTests/Info.plist;
				LD_RUNPATH_SEARCH_PATHS = "$(inherited) @executable_path/Frameworks @loader_path/Frameworks";
				PRODUCT_BUNDLE_IDENTIFIER = eu.codeyard.BallARKitTests;
				PRODUCT_NAME = "$(TARGET_NAME)";
				SWIFT_VERSION = 4.0;
				TARGETED_DEVICE_FAMILY = "1,2";
				TEST_HOST = "$(BUILT_PRODUCTS_DIR)/BallARKit.app/BallARKit";
			};
			name = Release;
		};
		502D572B1F325005000D68B3 /* Debug */ = {
			isa = XCBuildConfiguration;
			buildSettings = {
				ALWAYS_EMBED_SWIFT_STANDARD_LIBRARIES = YES;
				DEVELOPMENT_TEAM = MSLJP987H9;
				INFOPLIST_FILE = BallARKitUITests/Info.plist;
				LD_RUNPATH_SEARCH_PATHS = "$(inherited) @executable_path/Frameworks @loader_path/Frameworks";
				PRODUCT_BUNDLE_IDENTIFIER = eu.codeyard.BallARKitUITests;
				PRODUCT_NAME = "$(TARGET_NAME)";
				SWIFT_VERSION = 4.0;
				TARGETED_DEVICE_FAMILY = "1,2";
				TEST_TARGET_NAME = BallARKit;
			};
			name = Debug;
		};
		502D572C1F325005000D68B3 /* Release */ = {
			isa = XCBuildConfiguration;
			buildSettings = {
				ALWAYS_EMBED_SWIFT_STANDARD_LIBRARIES = YES;
				DEVELOPMENT_TEAM = MSLJP987H9;
				INFOPLIST_FILE = BallARKitUITests/Info.plist;
				LD_RUNPATH_SEARCH_PATHS = "$(inherited) @executable_path/Frameworks @loader_path/Frameworks";
				PRODUCT_BUNDLE_IDENTIFIER = eu.codeyard.BallARKitUITests;
				PRODUCT_NAME = "$(TARGET_NAME)";
				SWIFT_VERSION = 4.0;
				TARGETED_DEVICE_FAMILY = "1,2";
				TEST_TARGET_NAME = BallARKit;
			};
			name = Release;
		};
/* End XCBuildConfiguration section */

/* Begin XCConfigurationList section */
		502D56F51F325005000D68B3 /* Build configuration list for PBXProject "BallARKit" */ = {
			isa = XCConfigurationList;
			buildConfigurations = (
				502D57221F325005000D68B3 /* Debug */,
				502D57231F325005000D68B3 /* Release */,
			);
			defaultConfigurationIsVisible = 0;
			defaultConfigurationName = Release;
		};
		502D57241F325005000D68B3 /* Build configuration list for PBXNativeTarget "BallARKit" */ = {
			isa = XCConfigurationList;
			buildConfigurations = (
				502D57251F325005000D68B3 /* Debug */,
				502D57261F325005000D68B3 /* Release */,
			);
			defaultConfigurationIsVisible = 0;
		};
		502D57271F325005000D68B3 /* Build configuration list for PBXNativeTarget "BallARKitTests" */ = {
			isa = XCConfigurationList;
			buildConfigurations = (
				502D57281F325005000D68B3 /* Debug */,
				502D57291F325005000D68B3 /* Release */,
			);
			defaultConfigurationIsVisible = 0;
		};
		502D572A1F325005000D68B3 /* Build configuration list for PBXNativeTarget "BallARKitUITests" */ = {
			isa = XCConfigurationList;
			buildConfigurations = (
				502D572B1F325005000D68B3 /* Debug */,
				502D572C1F325005000D68B3 /* Release */,
			);
			defaultConfigurationIsVisible = 0;
		};
/* End XCConfigurationList section */
	};
	rootObject = 502D56F21F325005000D68B3 /* Project object */;
}
